# The exact set the suite runs on, with hashes — what CI installs (pip --require-hashes).
# Regenerate after a deliberate upgrade (and a green suite on it):
#    uv pip compile requirements.txt <(echo pytest==X) -c <(echo pyside6==Y) --generate-hashes --python-version 3.11 -o requirements.lock
iniconfig==2.3.1 \
    --hash=sha256:67f4b9c50da0dedf52af349e7749a80a9057a5031199791b906c3bb3ae878960 \
    --hash=sha256:9121e2c1fdb355232495be3194c8dfe87ccc2d5dee45947b78e68f499790d7a7
    # via pytest
packaging==26.3 \
    --hash=sha256:94edc256424af38762eb31306eed28beb9f0efc50a8837492c9d6fd6004aed79 \
    --hash=sha256:d7193f7c8e4e93f444fde0262bf90af30e16fa0ad0ad44cb553c87339b23cd1c
    # via pytest
pluggy==1.6.0 \
    --hash=sha256:7dcc130b76258d33b90f61b658791dede3486c3e6bfb003ee5c9bfb396dd22f3 \
    --hash=sha256:e920276dd6813095e9377c0bc5566d94c932c33b27a3e3945d8389c374dd4746
    # via pytest
pygments==2.21.0 \
    --hash=sha256:2363c69b61c4a97c838da3b130dcd6468f4848992b21a82f2a63ec34377137d9 \
    --hash=sha256:610ca751c9bc2492b38eb9a38a7fbc93edbbb2d7182edaf34e66ae493dee5c8c
    # via pytest
pyside6==6.11.2 \
    --hash=sha256:0444ac71d0791a19bded35f6d9a94515941f23a6eb7098ca45a1b64a338be697 \
    --hash=sha256:13a3c79816879d9743672a669f1988f74459a78f89a97a2624fae4fe059ffa3a \
    --hash=sha256:3201d67e3c10be2eaedd3910ff0f02351eca7e88c95a291cde5e7f2f55ef207f \
    --hash=sha256:57fe867a6c93821a085d74e8a26f863fc2363516848181c466032595b33b1729 \
    --hash=sha256:dc6d03990489a5085842770718392ef5de36352d8f608d9a9fe03e60af4d7b66
    # via
    #   -c constraints.txt
    #   -r requirements.txt
pyside6-addons==6.11.2 \
    --hash=sha256:354c574a839f7d0751960ba03f33bec87c95e0f2796dca3287f54d03abe97dac \
    --hash=sha256:a2ca3c73e5f060d4aca49451abd9fba68dd0e1c66ff40cea3a1fe0415def579a \
    --hash=sha256:a8b00956925fbdeffc7052cf933506391289f35ac4f3f71a0a167ec195cd47b4 \
    --hash=sha256:d5606af369484b862b4d5741cfc179e19d2b8819c3e04d210b8188e0c9f85988 \
    --hash=sha256:f449ea4431da20e7b86752cca8d166f93434516fe417f981c27e5f8e1b554407
    # via pyside6
pyside6-essentials==6.11.2 \
    --hash=sha256:77795c145202e65a78d88f7cd409d186e3ba23d159bdb3ba2dcd159ae5e5f0d9 \
    --hash=sha256:aaf9f25f0f324874085fa5b26a610318db8a8e243cf85bb3e5400595191c7778 \
    --hash=sha256:c8a29def77032773a30879f7f24415b5395ad08592d147c170824ef4c735dfc1 \
    --hash=sha256:d3ec6e1885c46e57f16364f38ea8040ffc5dc0b18341058f608fede3ba930567 \
    --hash=sha256:fadd75c5c20800d64dd0a586ea8cb337c5e630aa2246df0e5105738afa46e02c
    # via
    #   pyside6
    #   pyside6-addons
pytest==9.1.1 \
    --hash=sha256:1088fbde8f2b49d95a549a195707afa7a76a3ce9bcadc26b6d71f0ffda5fe313 \
    --hash=sha256:37a86b45efb9a47a61a36449063e8e18d0cab3161329fc099eb21783169c4f0c
    # via -r dev.in
shiboken6==6.11.2 \
    --hash=sha256:4bbbd6fa4d7cff5ec5e12bc4c10e1d845fa30c89457ecb13cc64f7bddb77f6f9 \
    --hash=sha256:53659683b1f7a08e9f87eff9b1065f1ceb7110cd7a4bc09fdf5efe43d286604d \
    --hash=sha256:6ab0eba1c904455df621f9a6df3ca2bb896bab8670572d2bc4e37804ae91f19a \
    --hash=sha256:7a7a0a72a9ed26c9bf77d42246b1c736486befb8f31aa2fb29957ea4cdd1c1c2 \
    --hash=sha256:97c49432488df958f0308736f3d15b6915d8826fc380af17bb4b9ec5c4a5e81b
    # via
    #   pyside6
    #   pyside6-addons
    #   pyside6-essentials
